
Microsoft Visual Studio Solution File, Format Version 12.00
# Visual Studio 15
Project("{FAE04EC0-301F-11D3-BF4B-00C04F79EFBC}") = "Boxophobic.Utils.Editor", "Boxophobic.Utils.Editor.csproj", "{EEB89245-F4F6-B2E6-04B5-49E651EC8A5D}"
EndProject
Project("{FAE04EC0-301F-11D3-BF4B-00C04F79EFBC}") = "Assembly-CSharp", "Assembly-CSharp.csproj", "{639AB637-9EDB-53F8-0E3C-0DD367359EB2}"
EndProject
Project("{FAE04EC0-301F-11D3-BF4B-00C04F79EFBC}") = "Boxophobic.SkyboxCubemapExtended.Editor", "Boxophobic.SkyboxCubemapExtended.Editor.csproj", "{8813E7F9-5629-3291-1F73-1367F6EF4C36}"
EndProject
Project("{FAE04EC0-301F-11D3-BF4B-00C04F79EFBC}") = "Boxophobic.Utils.Scripts", "Boxophobic.Utils.Scripts.csproj", "{6C18C275-6352-E4CD-EC6A-600D24D3964E}"
EndProject
Project("{FAE04EC0-301F-11D3-BF4B-00C04F79EFBC}") = "Assembly-CSharp-Editor", "Assembly-CSharp-Editor.csproj", "{E98AF81C-1B6F-F9DA-D041-39CCAB0BBD73}"
EndProject
Global
	GlobalSection(SolutionConfigurationPlatforms) = preSolution
		Debug|Any CPU = Debug|Any CPU
		Release|Any CPU = Release|Any CPU
	EndGlobalSection
	GlobalSection(ProjectConfigurationPlatforms) = postSolution
		{EEB89245-F4F6-B2E6-04B5-49E651EC8A5D}.Debug|Any CPU.ActiveCfg = Debug|Any CPU
		{EEB89245-F4F6-B2E6-04B5-49E651EC8A5D}.Debug|Any CPU.Build.0 = Debug|Any CPU
		{EEB89245-F4F6-B2E6-04B5-49E651EC8A5D}.Release|Any CPU.ActiveCfg = Release|Any CPU
		{EEB89245-F4F6-B2E6-04B5-49E651EC8A5D}.Release|Any CPU.Build.0 = Release|Any CPU
		{639AB637-9EDB-53F8-0E3C-0DD367359EB2}.Debug|Any CPU.ActiveCfg = Debug|Any CPU
		{639AB637-9EDB-53F8-0E3C-0DD367359EB2}.Debug|Any CPU.Build.0 = Debug|Any CPU
		{639AB637-9EDB-53F8-0E3C-0DD367359EB2}.Release|Any CPU.ActiveCfg = Release|Any CPU
		{639AB637-9EDB-53F8-0E3C-0DD367359EB2}.Release|Any CPU.Build.0 = Release|Any CPU
		{8813E7F9-5629-3291-1F73-1367F6EF4C36}.Debug|Any CPU.ActiveCfg = Debug|Any CPU
		{8813E7F9-5629-3291-1F73-1367F6EF4C36}.Debug|Any CPU.Build.0 = Debug|Any CPU
		{8813E7F9-5629-3291-1F73-1367F6EF4C36}.Release|Any CPU.ActiveCfg = Release|Any CPU
		{8813E7F9-5629-3291-1F73-1367F6EF4C36}.Release|Any CPU.Build.0 = Release|Any CPU
		{6C18C275-6352-E4CD-EC6A-600D24D3964E}.Debug|Any CPU.ActiveCfg = Debug|Any CPU
		{6C18C275-6352-E4CD-EC6A-600D24D3964E}.Debug|Any CPU.Build.0 = Debug|Any CPU
		{6C18C275-6352-E4CD-EC6A-600D24D3964E}.Release|Any CPU.ActiveCfg = Release|Any CPU
		{6C18C275-6352-E4CD-EC6A-600D24D3964E}.Release|Any CPU.Build.0 = Release|Any CPU
		{E98AF81C-1B6F-F9DA-D041-39CCAB0BBD73}.Debug|Any CPU.ActiveCfg = Debug|Any CPU
		{E98AF81C-1B6F-F9DA-D041-39CCAB0BBD73}.Debug|Any CPU.Build.0 = Debug|Any CPU
		{E98AF81C-1B6F-F9DA-D041-39CCAB0BBD73}.Release|Any CPU.ActiveCfg = Release|Any CPU
		{E98AF81C-1B6F-F9DA-D041-39CCAB0BBD73}.Release|Any CPU.Build.0 = Release|Any CPU
	EndGlobalSection
	GlobalSection(SolutionProperties) = preSolution
		HideSolutionNode = FALSE
	EndGlobalSection
EndGlobal
